
Microsoft Visual Studio Solution File, Format Version 12.00
# Visual Studio Version 17
VisualStudioVersion = 17.10.34916.146
MinimumVisualStudioVersion = 10.0.40219.1
Project("{54A90642-561A-4BB1-A94E-469ADEE60C69}") = "grocery-store-inventory-management", "Grocery-Store-Inventory-Management\grocery-store-inventory-management.esproj", "{31761E23-C950-4D2C-8BC7-275367B77529}"
EndProject
Global
	GlobalSection(SolutionConfigurationPlatforms) = preSolution
		Debug|Any CPU = Debug|Any CPU
		Release|Any CPU = Release|Any CPU
	EndGlobalSection
	GlobalSection(ProjectConfigurationPlatforms) = postSolution
		{31761E23-C950-4D2C-8BC7-275367B77529}.Debug|Any CPU.ActiveCfg = Debug|Any CPU
		{31761E23-C950-4D2C-8BC7-275367B77529}.Debug|Any CPU.Build.0 = Debug|Any CPU
		{31761E23-C950-4D2C-8BC7-275367B77529}.Debug|Any CPU.Deploy.0 = Debug|Any CPU
		{31761E23-C950-4D2C-8BC7-275367B77529}.Release|Any CPU.ActiveCfg = Release|Any CPU
		{31761E23-C950-4D2C-8BC7-275367B77529}.Release|Any CPU.Build.0 = Release|Any CPU
		{31761E23-C950-4D2C-8BC7-275367B77529}.Release|Any CPU.Deploy.0 = Release|Any CPU
	EndGlobalSection
	GlobalSection(SolutionProperties) = preSolution
		HideSolutionNode = FALSE
	EndGlobalSection
	GlobalSection(ExtensibilityGlobals) = postSolution
		SolutionGuid = {CDA5D24F-E2AD-4E6F-A3BF-4AA78D3E6E4B}
	EndGlobalSection
EndGlobal
